
Microsoft Visual Studio Solution File, Format Version 12.00
# Visual Studio 15
VisualStudioVersion = 15.0.28307.539
MinimumVisualStudioVersion = 10.0.40219.1
Project("{FAE04EC0-301F-11D3-BF4B-00C04F79EFBC}") = "LibB", "LibB\LibB.csproj", "{0B96EAAB-EFEC-48AF-913E-BE61AD8DB03A}"
EndProject
Global
	GlobalSection(SolutionConfigurationPlatforms) = preSolution
		Debug|Any CPU = Debug|Any CPU
		Release|Any CPU = Release|Any CPU
	EndGlobalSection
	GlobalSection(ProjectConfigurationPlatforms) = postSolution
		{0B96EAAB-EFEC-48AF-913E-BE61AD8DB03A}.Debug|Any CPU.ActiveCfg = Debug|Any CPU
		{0B96EAAB-EFEC-48AF-913E-BE61AD8DB03A}.Debug|Any CPU.Build.0 = Debug|Any CPU
		{0B96EAAB-EFEC-48AF-913E-BE61AD8DB03A}.Release|Any CPU.ActiveCfg = Release|Any CPU
		{0B96EAAB-EFEC-48AF-913E-BE61AD8DB03A}.Release|Any CPU.Build.0 = Release|Any CPU
	EndGlobalSection
	GlobalSection(SolutionProperties) = preSolution
		HideSolutionNode = FALSE
	EndGlobalSection
	GlobalSection(ExtensibilityGlobals) = postSolution
		SolutionGuid = {012932A7-95D2-4BC9-8414-C81F4E3D2925}
	EndGlobalSection
EndGlobal
